// !$*UTF8*$!
{
	archiveVersion = 1;
	classes = {
	};
	objectVersion = 50;
	objects = {

/* Begin PBXBuildFile section */
		3E082D92223DC29A00708486 /* AppDelegate.swift in Sources */ = {isa = PBXBuildFile; fileRef = 3E082D91223DC29A00708486 /* AppDelegate.swift */; };
		3E082D94223DC29A00708486 /* ViewController.swift in Sources */ = {isa = PBXBuildFile; fileRef = 3E082D93223DC29A00708486 /* ViewController.swift */; };
		3E082D97223DC29A00708486 /* Main.storyboard in Resources */ = {isa = PBXBuildFile; fileRef = 3E082D95223DC29A00708486 /* Main.storyboard */; };
		3E082D99223DC29C00708486 /* Assets.xcassets in Resources */ = {isa = PBXBuildFile; fileRef = 3E082D98223DC29C00708486 /* Assets.xcassets */; };
		3E082D9C223DC29C00708486 /* LaunchScreen.storyboard in Resources */ = {isa = PBXBuildFile; fileRef = 3E082D9A223DC29C00708486 /* LaunchScreen.storyboard */; };
		3E082DA7223DC29C00708486 /* MyTubeTests.swift in Sources */ = {isa = PBXBuildFile; fileRef = 3E082DA6223DC29C00708486 /* MyTubeTests.swift */; };
		3E082DB2223DC29C00708486 /* MyTubeUITests.swift in Sources */ = {isa = PBXBuildFile; fileRef = 3E082DB1223DC29C00708486 /* MyTubeUITests.swift */; };
/* End PBXBuildFile section */

/* Begin PBXContainerItemProxy section */
		3E082DA3223DC29C00708486 /* PBXContainerItemProxy */ = {
			isa = PBXContainerItemProxy;
			containerPortal = 3E082D86223DC29A00708486 /* Project object */;
			proxyType = 1;
			remoteGlobalIDString = 3E082D8D223DC29A00708486;
			remoteInfo = MyTube;
		};
		3E082DAE223DC29C00708486 /* PBXContainerItemProxy */ = {
			isa = PBXContainerItemProxy;
			containerPortal = 3E082D86223DC29A00708486 /* Project object */;
			proxyType = 1;
			remoteGlobalIDString = 3E082D8D223DC29A00708486;
			remoteInfo = MyTube;
		};
/* End PBXContainerItemProxy section */

/* Begin PBXFileReference section */
		3E082D8E223DC29A00708486 /* MyTube.app */ = {isa = PBXFileReference; explicitFileType = wrapper.application; includeInIndex = 0; path = MyTube.app; sourceTree = BUILT_PRODUCTS_DIR; };
		3E082D91223DC29A00708486 /* AppDelegate.swift */ = {isa = PBXFileReference; lastKnownFileType = sourcecode.swift; path = AppDelegate.swift; sourceTree = "<group>"; };
		3E082D93223DC29A00708486 /* ViewController.swift */ = {isa = PBXFileReference; lastKnownFileType = sourcecode.swift; path = ViewController.swift; sourceTree = "<group>"; };
		3E082D96223DC29A00708486 /* Base */ = {isa = PBXFileReference; lastKnownFileType = file.storyboard; name = Base; path = Base.lproj/Main.storyboard; sourceTree = "<group>"; };
		3E082D98223DC29C00708486 /* Assets.xcassets */ = {isa = PBXFileReference; lastKnownFileType = folder.assetcatalog; path = Assets.xcassets; sourceTree = "<group>"; };
		3E082D9B223DC29C00708486 /* Base */ = {isa = PBXFileReference; lastKnownFileType = file.storyboard; name = Base; path = Base.lproj/LaunchScreen.storyboard; sourceTree = "<group>"; };
		3E082D9D223DC29C00708486 /* Info.plist */ = {isa = PBXFileReference; lastKnownFileType = text.plist.xml; path = Info.plist; sourceTree = "<group>"; };
		3E082DA2223DC29C00708486 /* MyTubeTests.xctest */ = {isa = PBXFileReference; explicitFileType = wrapper.cfbundle; includeInIndex = 0; path = MyTubeTests.xctest; sourceTree = BUILT_PRODUCTS_DIR; };
		3E082DA6223DC29C00708486 /* MyTubeTests.swift */ = {isa = PBXFileReference; lastKnownFileType = sourcecode.swift; path = MyTubeTests.swift; sourceTree = "<group>"; };
		3E082DA8223DC29C00708486 /* Info.plist */ = {isa = PBXFileReference; lastKnownFileType = text.plist.xml; path = Info.plist; sourceTree = "<group>"; };
		3E082DAD223DC29C00708486 /* MyTubeUITests.xctest */ = {isa = PBXFileReference; explicitFileType = wrapper.cfbundle; includeInIndex = 0; path = MyTubeUITests.xctest; sourceTree = BUILT_PRODUCTS_DIR; };
		3E082DB1223DC29C00708486 /* MyTubeUITests.swift */ = {isa = PBXFileReference; lastKnownFileType = sourcecode.swift; path = MyTubeUITests.swift; sourceTree = "<group>"; };
		3E082DB3223DC29C00708486 /* Info.plist */ = {isa = PBXFileReference; lastKnownFileType = text.plist.xml; path = Info.plist; sourceTree = "<group>"; };
/* End PBXFileReference section */

/* Begin PBXFrameworksBuildPhase section */
		3E082D8B223DC29A00708486 /* Frameworks */ = {
			isa = PBXFrameworksBuildPhase;
			buildActionMask = 2147483647;
			files = (
			);
			runOnlyForDeploymentPostprocessing = 0;
		};
		3E082D9F223DC29C00708486 /* Frameworks */ = {
			isa = PBXFrameworksBuildPhase;
			buildActionMask = 2147483647;
			files = (
			);
			runOnlyForDeploymentPostprocessing = 0;
		};
		3E082DAA223DC29C00708486 /* Frameworks */ = {
			isa = PBXFrameworksBuildPhase;
			buildActionMask = 2147483647;
			files = (
			);
			runOnlyForDeploymentPostprocessing = 0;
		};
/* End PBXFrameworksBuildPhase section */

/* Begin PBXGroup section */
		3E082D85223DC29A00708486 = {
			isa = PBXGroup;
			children = (
				3E082D90223DC29A00708486 /* MyTube */,
				3E082DA5223DC29C00708486 /* MyTubeTests */,
				3E082DB0223DC29C00708486 /* MyTubeUITests */,
				3E082D8F223DC29A00708486 /* Products */,
			);
			sourceTree = "<group>";
		};
		3E082D8F223DC29A00708486 /* Products */ = {
			isa = PBXGroup;
			children = (
				3E082D8E223DC29A00708486 /* MyTube.app */,
				3E082DA2223DC29C00708486 /* MyTubeTests.xctest */,
				3E082DAD223DC29C00708486 /* MyTubeUITests.xctest */,
			);
			name = Products;
			sourceTree = "<group>";
		};
		3E082D90223DC29A00708486 /* MyTube */ = {
			isa = PBXGroup;
			children = (
				3E082D91223DC29A00708486 /* AppDelegate.swift */,
				3E082D93223DC29A00708486 /* ViewController.swift */,
				3E082D95223DC29A00708486 /* Main.storyboard */,
				3E082D98223DC29C00708486 /* Assets.xcassets */,
				3E082D9A223DC29C00708486 /* LaunchScreen.storyboard */,
				3E082D9D223DC29C00708486 /* Info.plist */,
			);
			path = MyTube;
			sourceTree = "<group>";
		};
		3E082DA5223DC29C00708486 /* MyTubeTests */ = {
			isa = PBXGroup;
			children = (
				3E082DA6223DC29C00708486 /* MyTubeTests.swift */,
				3E082DA8223DC29C00708486 /* Info.plist */,
			);
			path = MyTubeTests;
			sourceTree = "<group>";
		};
		3E082DB0223DC29C00708486 /* MyTubeUITests */ = {
			isa = PBXGroup;
			children = (
				3E082DB1223DC29C00708486 /* MyTubeUITests.swift */,
				3E082DB3223DC29C00708486 /* Info.plist */,
			);
			path = MyTubeUITests;
			sourceTree = "<group>";
		};
/* End PBXGroup section */

/* Begin PBXNativeTarget section */
		3E082D8D223DC29A00708486 /* MyTube */ = {
			isa = PBXNativeTarget;
			buildConfigurationList = 3E082DB6223DC29C00708486 /* Build configuration list for PBXNativeTarget "MyTube" */;
			buildPhases = (
				3E082D8A223DC29A00708486 /* Sources */,
				3E082D8B223DC29A00708486 /* Frameworks */,
				3E082D8C223DC29A00708486 /* Resources */,
			);
			buildRules = (
			);
			dependencies = (
			);
			name = MyTube;
			productName = MyTube;
			productReference = 3E082D8E223DC29A00708486 /* MyTube.app */;
			productType = "com.apple.product-type.application";
		};
		3E082DA1223DC29C00708486 /* MyTubeTests */ = {
			isa = PBXNativeTarget;
			buildConfigurationList = 3E082DB9223DC29C00708486 /* Build configuration list for PBXNativeTarget "MyTubeTests" */;
			buildPhases = (
				3E082D9E223DC29C00708486 /* Sources */,
				3E082D9F223DC29C00708486 /* Frameworks */,
				3E082DA0223DC29C00708486 /* Resources */,
			);
			buildRules = (
			);
			dependencies = (
				3E082DA4223DC29C00708486 /* PBXTargetDependency */,
			);
			name = MyTubeTests;
			productName = MyTubeTests;
			productReference = 3E082DA2223DC29C00708486 /* MyTubeTests.xctest */;
			productType = "com.apple.product-type.bundle.unit-test";
		};
		3E082DAC223DC29C00708486 /* MyTubeUITests */ = {
			isa = PBXNativeTarget;
			buildConfigurationList = 3E082DBC223DC29C00708486 /* Build configuration list for PBXNativeTarget "MyTubeUITests" */;
			buildPhases = (
				3E082DA9223DC29C00708486 /* Sources */,
				3E082DAA223DC29C00708486 /* Frameworks */,
				3E082DAB223DC29C00708486 /* Resources */,
			);
			buildRules = (
			);
			dependencies = (
				3E082DAF223DC29C00708486 /* PBXTargetDependency */,
			);
			name = MyTubeUITests;
			productName = MyTubeUITests;
			productReference = 3E082DAD223DC29C00708486 /* MyTubeUITests.xctest */;
			productType = "com.apple.product-type.bundle.ui-testing";
		};
/* End PBXNativeTarget section */

/* Begin PBXProject section */
		3E082D86223DC29A00708486 /* Project object */ = {
			isa = PBXProject;
			attributes = {
				LastSwiftUpdateCheck = 1010;
				LastUpgradeCheck = 1010;
				ORGANIZATIONNAME = Sandeep;
				TargetAttributes = {
					3E082D8D223DC29A00708486 = {
						CreatedOnToolsVersion = 10.1;
					};
					3E082DA1223DC29C00708486 = {
						CreatedOnToolsVersion = 10.1;
						TestTargetID = 3E082D8D223DC29A00708486;
					};
					3E082DAC223DC29C00708486 = {
						CreatedOnToolsVersion = 10.1;
						TestTargetID = 3E082D8D223DC29A00708486;
					};
				};
			};
			buildConfigurationList = 3E082D89223DC29A00708486 /* Build configuration list for PBXProject "MyTube" */;
			compatibilityVersion = "Xcode 9.3";
			developmentRegion = en;
			hasScannedForEncodings = 0;
			knownRegions = (
				en,
				Base,
			);
			mainGroup = 3E082D85223DC29A00708486;
			productRefGroup = 3E082D8F223DC29A00708486 /* Products */;
			projectDirPath = "";
			projectRoot = "";
			targets = (
				3E082D8D223DC29A00708486 /* MyTube */,
				3E082DA1223DC29C00708486 /* MyTubeTests */,
				3E082DAC223DC29C00708486 /* MyTubeUITests */,
			);
		};
/* End PBXProject section */

/* Begin PBXResourcesBuildPhase section */
		3E082D8C223DC29A00708486 /* Resources */ = {
			isa = PBXResourcesBuildPhase;
			buildActionMask = 2147483647;
			files = (
				3E082D9C223DC29C00708486 /* LaunchScreen.storyboard in Resources */,
				3E082D99223DC29C00708486 /* Assets.xcassets in Resources */,
				3E082D97223DC29A00708486 /* Main.storyboard in Resources */,
			);
			runOnlyForDeploymentPostprocessing = 0;
		};
		3E082DA0223DC29C00708486 /* Resources */ = {
			isa = PBXResourcesBuildPhase;
			buildActionMask = 2147483647;
			files = (
			);
			runOnlyForDeploymentPostprocessing = 0;
		};
		3E082DAB223DC29C00708486 /* Resources */ = {
			isa = PBXResourcesBuildPhase;
			buildActionMask = 2147483647;
			files = (
			);
			runOnlyForDeploymentPostprocessing = 0;
		};
/* End PBXResourcesBuildPhase section */

/* Begin PBXSourcesBuildPhase section */
		3E082D8A223DC29A00708486 /* Sources */ = {
			isa = PBXSourcesBuildPhase;
			buildActionMask = 2147483647;
			files = (
				3E082D94223DC29A00708486 /* ViewController.swift in Sources */,
				3E082D92223DC29A00708486 /* AppDelegate.swift in Sources */,
			);
			runOnlyForDeploymentPostprocessing = 0;
		};
		3E082D9E223DC29C00708486 /* Sources */ = {
			isa = PBXSourcesBuildPhase;
			buildActionMask = 2147483647;
			files = (
				3E082DA7223DC29C00708486 /* MyTubeTests.swift in Sources */,
			);
			runOnlyForDeploymentPostprocessing = 0;
		};
		3E082DA9223DC29C00708486 /* Sources */ = {
			isa = PBXSourcesBuildPhase;
			buildActionMask = 2147483647;
			files = (
				3E082DB2223DC29C00708486 /* MyTubeUITests.swift in Sources */,
			);
			runOnlyForDeploymentPostprocessing = 0;
		};
/* End PBXSourcesBuildPhase section */

/* Begin PBXTargetDependency section */
		3E082DA4223DC29C00708486 /* PBXTargetDependency */ = {
			isa = PBXTargetDependency;
			target = 3E082D8D223DC29A00708486 /* MyTube */;
			targetProxy = 3E082DA3223DC29C00708486 /* PBXContainerItemProxy */;
		};
		3E082DAF223DC29C00708486 /* PBXTargetDependency */ = {
			isa = PBXTargetDependency;
			target = 3E082D8D223DC29A00708486 /* MyTube */;
			targetProxy = 3E082DAE223DC29C00708486 /* PBXContainerItemProxy */;
		};
/* End PBXTargetDependency section */

/* Begin PBXVariantGroup section */
		3E082D95223DC29A00708486 /* Main.storyboard */ = {
			isa = PBXVariantGroup;
			children = (
				3E082D96223DC29A00708486 /* Base */,
			);
			name = Main.storyboard;
			sourceTree = "<group>";
		};
		3E082D9A223DC29C00708486 /* LaunchScreen.storyboard */ = {
			isa = PBXVariantGroup;
			children = (
				3E082D9B223DC29C00708486 /* Base */,
			);
			name = LaunchScreen.storyboard;
			sourceTree = "<group>";
		};
/* End PBXVariantGroup section */

/* Begin XCBuildConfiguration section */
		3E082DB4223DC29C00708486 /* Debug */ = {
			isa = XCBuildConfiguration;
			buildSettings = {
				ALWAYS_SEARCH_USER_PATHS = NO;
				CLANG_ANALYZER_NONNULL = YES;
				CLANG_ANALYZER_NUMBER_OBJECT_CONVERSION = YES_AGGRESSIVE;
				CLANG_CXX_LANGUAGE_STANDARD = "gnu++14";
				CLANG_CXX_LIBRARY = "libc++";
				CLANG_ENABLE_MODULES = YES;
				CLANG_ENABLE_OBJC_ARC = YES;
				CLANG_ENABLE_OBJC_WEAK = YES;
				CLANG_WARN_BLOCK_CAPTURE_AUTORELEASING = YES;
				CLANG_WARN_BOOL_CONVERSION = YES;
				CLANG_WARN_COMMA = YES;
				CLANG_WARN_CONSTANT_CONVERSION = YES;
				CLANG_WARN_DEPRECATED_OBJC_IMPLEMENTATIONS = YES;
				CLANG_WARN_DIRECT_OBJC_ISA_USAGE = YES_ERROR;
				CLANG_WARN_DOCUMENTATION_COMMENTS = YES;
				CLANG_WARN_EMPTY_BODY = YES;
				CLANG_WARN_ENUM_CONVERSION = YES;
				CLANG_WARN_INFINITE_RECURSION = YES;
				CLANG_WARN_INT_CONVERSION = YES;
				CLANG_WARN_NON_LITERAL_NULL_CONVERSION = YES;
				CLANG_WARN_OBJC_IMPLICIT_RETAIN_SELF = YES;
				CLANG_WARN_OBJC_LITERAL_CONVERSION = YES;
				CLANG_WARN_OBJC_ROOT_CLASS = YES_ERROR;
				CLANG_WARN_RANGE_LOOP_ANALYSIS = YES;
				CLANG_WARN_STRICT_PROTOTYPES = YES;
				CLANG_WARN_SUSPICIOUS_MOVE = YES;
				CLANG_WARN_UNGUARDED_AVAILABILITY = YES_AGGRESSIVE;
				CLANG_WARN_UNREACHABLE_CODE = YES;
				CLANG_WARN__DUPLICATE_METHOD_MATCH = YES;
				CODE_SIGN_IDENTITY = "iPhone Developer";
				COPY_PHASE_STRIP = NO;
				DEBUG_INFORMATION_FORMAT = dwarf;
				ENABLE_STRICT_OBJC_MSGSEND = YES;
				ENABLE_TESTABILITY = YES;
				GCC_C_LANGUAGE_STANDARD = gnu11;
				GCC_DYNAMIC_NO_PIC = NO;
				GCC_NO_COMMON_BLOCKS = YES;
				GCC_OPTIMIZATION_LEVEL = 0;
				GCC_PREPROCESSOR_DEFINITIONS = (
					"DEBUG=1",
					"$(inherited)",
				);
				GCC_WARN_64_TO_32_BIT_CONVERSION = YES;
				GCC_WARN_ABOUT_RETURN_TYPE = YES_ERROR;
				GCC_WARN_UNDECLARED_SELECTOR = YES;
				GCC_WARN_UNINITIALIZED_AUTOS = YES_AGGRESSIVE;
				GCC_WARN_UNUSED_FUNCTION = YES;
				GCC_WARN_UNUSED_VARIABLE = YES;
				IPHONEOS_DEPLOYMENT_TARGET = 12.1;
				MTL_ENABLE_DEBUG_INFO = INCLUDE_SOURCE;
				MTL_FAST_MATH = YES;
				ONLY_ACTIVE_ARCH = YES;
				SDKROOT = iphoneos;
				SWIFT_ACTIVE_COMPILATION_CONDITIONS = DEBUG;
				SWIFT_OPTIMIZATION_LEVEL = "-Onone";
			};
			name = Debug;
		};
		3E082DB5223DC29C00708486 /* Release */ = {
			isa = XCBuildConfiguration;
			buildSettings = {
				ALWAYS_SEARCH_USER_PATHS = NO;
				CLANG_ANALYZER_NONNULL = YES;
				CLANG_ANALYZER_NUMBER_OBJECT_CONVERSION = YES_AGGRESSIVE;
				CLANG_CXX_LANGUAGE_STANDARD = "gnu++14";
				CLANG_CXX_LIBRARY = "libc++";
				CLANG_ENABLE_MODULES = YES;
				CLANG_ENABLE_OBJC_ARC = YES;
				CLANG_ENABLE_OBJC_WEAK = YES;
				CLANG_WARN_BLOCK_CAPTURE_AUTORELEASING = YES;
				CLANG_WARN_BOOL_CONVERSION = YES;
				CLANG_WARN_COMMA = YES;
				CLANG_WARN_CONSTANT_CONVERSION = YES;
				CLANG_WARN_DEPRECATED_OBJC_IMPLEMENTATIONS = YES;
				CLANG_WARN_DIRECT_OBJC_ISA_USAGE = YES_ERROR;
				CLANG_WARN_DOCUMENTATION_COMMENTS = YES;
				CLANG_WARN_EMPTY_BODY = YES;
				CLANG_WARN_ENUM_CONVERSION = YES;
				CLANG_WARN_INFINITE_RECURSION = YES;
				CLANG_WARN_INT_CONVERSION = YES;
				CLANG_WARN_NON_LITERAL_NULL_CONVERSION = YES;
				CLANG_WARN_OBJC_IMPLICIT_RETAIN_SELF = YES;
				CLANG_WARN_OBJC_LITERAL_CONVERSION = YES;
				CLANG_WARN_OBJC_ROOT_CLASS = YES_ERROR;
				CLANG_WARN_RANGE_LOOP_ANALYSIS = YES;
				CLANG_WARN_STRICT_PROTOTYPES = YES;
				CLANG_WARN_SUSPICIOUS_MOVE = YES;
				CLANG_WARN_UNGUARDED_AVAILABILITY = YES_AGGRESSIVE;
				CLANG_WARN_UNREACHABLE_CODE = YES;
				CLANG_WARN__DUPLICATE_METHOD_MATCH = YES;
				CODE_SIGN_IDENTITY = "iPhone Developer";
				COPY_PHASE_STRIP = NO;
				DEBUG_INFORMATION_FORMAT = "dwarf-with-dsym";
				ENABLE_NS_ASSERTIONS = NO;
				ENABLE_STRICT_OBJC_MSGSEND = YES;
				GCC_C_LANGUAGE_STANDARD = gnu11;
				GCC_NO_COMMON_BLOCKS = YES;
				GCC_WARN_64_TO_32_BIT_CONVERSION = YES;
				GCC_WARN_ABOUT_RETURN_TYPE = YES_ERROR;
				GCC_WARN_UNDECLARED_SELECTOR = YES;
				GCC_WARN_UNINITIALIZED_AUTOS = YES_AGGRESSIVE;
				GCC_WARN_UNUSED_FUNCTION = YES;
				GCC_WARN_UNUSED_VARIABLE = YES;
				IPHONEOS_DEPLOYMENT_TARGET = 12.1;
				MTL_ENABLE_DEBUG_INFO = NO;
				MTL_FAST_MATH = YES;
				SDKROOT = iphoneos;
				SWIFT_COMPILATION_MODE = wholemodule;
				SWIFT_OPTIMIZATION_LEVEL = "-O";
				VALIDATE_PRODUCT = YES;
			};
			name = Release;
		};
		3E082DB7223DC29C00708486 /* Debug */ = {
			isa = XCBuildConfiguration;
			buildSettings = {
				ASSETCATALOG_COMPILER_APPICON_NAME = AppIcon;
				CODE_SIGN_STYLE = Automatic;
				DEVELOPMENT_TEAM = 4MWHJQK4QY;
				INFOPLIST_FILE = MyTube/Info.plist;
				LD_RUNPATH_SEARCH_PATHS = (
					"$(inherited)",
					"@executable_path/Frameworks",
				);
				PRODUCT_BUNDLE_IDENTIFIER = Sandeep.MyTube;
				PRODUCT_NAME = "$(TARGET_NAME)";
				SWIFT_VERSION = 4.2;
				TARGETED_DEVICE_FAMILY = "1,2";
			};
			name = Debug;
		};
		3E082DB8223DC29C00708486 /* Release */ = {
			isa = XCBuildConfiguration;
			buildSettings = {
				ASSETCATALOG_COMPILER_APPICON_NAME = AppIcon;
				CODE_SIGN_STYLE = Automatic;
				DEVELOPMENT_TEAM = 4MWHJQK4QY;
				INFOPLIST_FILE = MyTube/Info.plist;
				LD_RUNPATH_SEARCH_PATHS = (
					"$(inherited)",
					"@executable_path/Frameworks",
				);
				PRODUCT_BUNDLE_IDENTIFIER = Sandeep.MyTube;
				PRODUCT_NAME = "$(TARGET_NAME)";
				SWIFT_VERSION = 4.2;
				TARGETED_DEVICE_FAMILY = "1,2";
			};
			name = Release;
		};
		3E082DBA223DC29C00708486 /* Debug */ = {
			isa = XCBuildConfiguration;
			buildSettings = {
				ALWAYS_EMBED_SWIFT_STANDARD_LIBRARIES = YES;
				BUNDLE_LOADER = "$(TEST_HOST)";
				CODE_SIGN_STYLE = Automatic;
				DEVELOPMENT_TEAM = 4MWHJQK4QY;
				INFOPLIST_FILE = MyTubeTests/Info.plist;
				LD_RUNPATH_SEARCH_PATHS = (
					"$(inherited)",
					"@executable_path/Frameworks",
					"@loader_path/Frameworks",
				);
				PRODUCT_BUNDLE_IDENTIFIER = Sandeep.MyTubeTests;
				PRODUCT_NAME = "$(TARGET_NAME)";
				SWIFT_VERSION = 4.2;
				TARGETED_DEVICE_FAMILY = "1,2";
				TEST_HOST = "$(BUILT_PRODUCTS_DIR)/MyTube.app/MyTube";
			};
			name = Debug;
		};
		3E082DBB223DC29C00708486 /* Release */ = {
			isa = XCBuildConfiguration;
			buildSettings = {
				ALWAYS_EMBED_SWIFT_STANDARD_LIBRARIES = YES;
				BUNDLE_LOADER = "$(TEST_HOST)";
				CODE_SIGN_STYLE = Automatic;
				DEVELOPMENT_TEAM = 4MWHJQK4QY;
				INFOPLIST_FILE = MyTubeTests/Info.plist;
				LD_RUNPATH_SEARCH_PATHS = (
					"$(inherited)",
					"@executable_path/Frameworks",
					"@loader_path/Frameworks",
				);
				PRODUCT_BUNDLE_IDENTIFIER = Sandeep.MyTubeTests;
				PRODUCT_NAME = "$(TARGET_NAME)";
				SWIFT_VERSION = 4.2;
				TARGETED_DEVICE_FAMILY = "1,2";
				TEST_HOST = "$(BUILT_PRODUCTS_DIR)/MyTube.app/MyTube";
			};
			name = Release;
		};
		3E082DBD223DC29C00708486 /* Debug */ = {
			isa = XCBuildConfiguration;
			buildSettings = {
				ALWAYS_EMBED_SWIFT_STANDARD_LIBRARIES = YES;
				CODE_SIGN_STYLE = Automatic;
				DEVELOPMENT_TEAM = 4MWHJQK4QY;
				INFOPLIST_FILE = MyTubeUITests/Info.plist;
				LD_RUNPATH_SEARCH_PATHS = (
					"$(inherited)",
					"@executable_path/Frameworks",
					"@loader_path/Frameworks",
				);
				PRODUCT_BUNDLE_IDENTIFIER = Sandeep.MyTubeUITests;
				PRODUCT_NAME = "$(TARGET_NAME)";
				SWIFT_VERSION = 4.2;
				TARGETED_DEVICE_FAMILY = "1,2";
				TEST_TARGET_NAME = MyTube;
			};
			name = Debug;
		};
		3E082DBE223DC29C00708486 /* Release */ = {
			isa = XCBuildConfiguration;
			buildSettings = {
				ALWAYS_EMBED_SWIFT_STANDARD_LIBRARIES = YES;
				CODE_SIGN_STYLE = Automatic;
				DEVELOPMENT_TEAM = 4MWHJQK4QY;
				INFOPLIST_FILE = MyTubeUITests/Info.plist;
				LD_RUNPATH_SEARCH_PATHS = (
					"$(inherited)",
					"@executable_path/Frameworks",
					"@loader_path/Frameworks",
				);
				PRODUCT_BUNDLE_IDENTIFIER = Sandeep.MyTubeUITests;
				PRODUCT_NAME = "$(TARGET_NAME)";
				SWIFT_VERSION = 4.2;
				TARGETED_DEVICE_FAMILY = "1,2";
				TEST_TARGET_NAME = MyTube;
			};
			name = Release;
		};
/* End XCBuildConfiguration section */

/* Begin XCConfigurationList section */
		3E082D89223DC29A00708486 /* Build configuration list for PBXProject "MyTube" */ = {
			isa = XCConfigurationList;
			buildConfigurations = (
				3E082DB4223DC29C00708486 /* Debug */,
				3E082DB5223DC29C00708486 /* Release */,
			);
			defaultConfigurationIsVisible = 0;
			defaultConfigurationName = Release;
		};
		3E082DB6223DC29C00708486 /* Build configuration list for PBXNativeTarget "MyTube" */ = {
			isa = XCConfigurationList;
			buildConfigurations = (
				3E082DB7223DC29C00708486 /* Debug */,
				3E082DB8223DC29C00708486 /* Release */,
			);
			defaultConfigurationIsVisible = 0;
			defaultConfigurationName = Release;
		};
		3E082DB9223DC29C00708486 /* Build configuration list for PBXNativeTarget "MyTubeTests" */ = {
			isa = XCConfigurationList;
			buildConfigurations = (
				3E082DBA223DC29C00708486 /* Debug */,
				3E082DBB223DC29C00708486 /* Release */,
			);
			defaultConfigurationIsVisible = 0;
			defaultConfigurationName = Release;
		};
		3E082DBC223DC29C00708486 /* Build configuration list for PBXNativeTarget "MyTubeUITests" */ = {
			isa = XCConfigurationList;
			buildConfigurations = (
				3E082DBD223DC29C00708486 /* Debug */,
				3E082DBE223DC29C00708486 /* Release */,
			);
			defaultConfigurationIsVisible = 0;
			defaultConfigurationName = Release;
		};
/* End XCConfigurationList section */
	};
	rootObject = 3E082D86223DC29A00708486 /* Project object */;
}
